// !$*UTF8*$!
{
	archiveVersion = 1;
	classes = {
	};
	objectVersion = 46;
	objects = {

/* Begin PBXBuildFile section */
		90170FB01EA5F1BF008C7D59 /* Rectangle.m in Sources */ = {isa = PBXBuildFile; fileRef = 90170FAF1EA5F1BF008C7D59 /* Rectangle.m */; };
		90170FB31EA5F1E7008C7D59 /* Circle.m in Sources */ = {isa = PBXBuildFile; fileRef = 90170FB21EA5F1E7008C7D59 /* Circle.m */; };
		90170FB61EA5F1F5008C7D59 /* Triangle.m in Sources */ = {isa = PBXBuildFile; fileRef = 90170FB51EA5F1F5008C7D59 /* Triangle.m */; };
		90A276F11EA5D04A00D83D13 /* main.m in Sources */ = {isa = PBXBuildFile; fileRef = 90A276F01EA5D04A00D83D13 /* main.m */; };
		90A276F91EA5D05700D83D13 /* GraphicObject.m in Sources */ = {isa = PBXBuildFile; fileRef = 90A276F81EA5D05700D83D13 /* GraphicObject.m */; };
/* End PBXBuildFile section */

/* Begin PBXCopyFilesBuildPhase section */
		90A276EB1EA5D04A00D83D13 /* CopyFiles */ = {
			isa = PBXCopyFilesBuildPhase;
			buildActionMask = 2147483647;
			dstPath = /usr/share/man/man1/;
			dstSubfolderSpec = 0;
			files = (
			);
			runOnlyForDeploymentPostprocessing = 1;
		};
/* End PBXCopyFilesBuildPhase section */

/* Begin PBXFileReference section */
		90170FAE1EA5F1BF008C7D59 /* Rectangle.h */ = {isa = PBXFileReference; fileEncoding = 4; lastKnownFileType = sourcecode.c.h; path = Rectangle.h; sourceTree = "<group>"; };
		90170FAF1EA5F1BF008C7D59 /* Rectangle.m */ = {isa = PBXFileReference; fileEncoding = 4; lastKnownFileType = sourcecode.c.objc; path = Rectangle.m; sourceTree = "<group>"; };
		90170FB11EA5F1E7008C7D59 /* Circle.h */ = {isa = PBXFileReference; fileEncoding = 4; lastKnownFileType = sourcecode.c.h; path = Circle.h; sourceTree = "<group>"; };
		90170FB21EA5F1E7008C7D59 /* Circle.m */ = {isa = PBXFileReference; fileEncoding = 4; lastKnownFileType = sourcecode.c.objc; path = Circle.m; sourceTree = "<group>"; };
		90170FB41EA5F1F5008C7D59 /* Triangle.h */ = {isa = PBXFileReference; fileEncoding = 4; lastKnownFileType = sourcecode.c.h; path = Triangle.h; sourceTree = "<group>"; };
		90170FB51EA5F1F5008C7D59 /* Triangle.m */ = {isa = PBXFileReference; fileEncoding = 4; lastKnownFileType = sourcecode.c.objc; path = Triangle.m; sourceTree = "<group>"; };
		90A276ED1EA5D04A00D83D13 /* Bai 3 */ = {isa = PBXFileReference; explicitFileType = "compiled.mach-o.executable"; includeInIndex = 0; path = "Bai 3"; sourceTree = BUILT_PRODUCTS_DIR; };
		90A276F01EA5D04A00D83D13 /* main.m */ = {isa = PBXFileReference; lastKnownFileType = sourcecode.c.objc; path = main.m; sourceTree = "<group>"; };
		90A276F71EA5D05700D83D13 /* GraphicObject.h */ = {isa = PBXFileReference; fileEncoding = 4; lastKnownFileType = sourcecode.c.h; path = GraphicObject.h; sourceTree = "<group>"; };
		90A276F81EA5D05700D83D13 /* GraphicObject.m */ = {isa = PBXFileReference; fileEncoding = 4; lastKnownFileType = sourcecode.c.objc; path = GraphicObject.m; sourceTree = "<group>"; };
/* End PBXFileReference section */

/* Begin PBXFrameworksBuildPhase section */
		90A276EA1EA5D04A00D83D13 /* Frameworks */ = {
			isa = PBXFrameworksBuildPhase;
			buildActionMask = 2147483647;
			files = (
			);
			runOnlyForDeploymentPostprocessing = 0;
		};
/* End PBXFrameworksBuildPhase section */

/* Begin PBXGroup section */
		90A276E41EA5D04A00D83D13 = {
			isa = PBXGroup;
			children = (
				90A276EF1EA5D04A00D83D13 /* Bai 3 */,
				90A276EE1EA5D04A00D83D13 /* Products */,
			);
			sourceTree = "<group>";
		};
		90A276EE1EA5D04A00D83D13 /* Products */ = {
			isa = PBXGroup;
			children = (
				90A276ED1EA5D04A00D83D13 /* Bai 3 */,
			);
			name = Products;
			sourceTree = "<group>";
		};
		90A276EF1EA5D04A00D83D13 /* Bai 3 */ = {
			isa = PBXGroup;
			children = (
				90A276F01EA5D04A00D83D13 /* main.m */,
				90A276F71EA5D05700D83D13 /* GraphicObject.h */,
				90A276F81EA5D05700D83D13 /* GraphicObject.m */,
				90170FAE1EA5F1BF008C7D59 /* Rectangle.h */,
				90170FAF1EA5F1BF008C7D59 /* Rectangle.m */,
				90170FB11EA5F1E7008C7D59 /* Circle.h */,
				90170FB21EA5F1E7008C7D59 /* Circle.m */,
				90170FB41EA5F1F5008C7D59 /* Triangle.h */,
				90170FB51EA5F1F5008C7D59 /* Triangle.m */,
			);
			path = "Bai 3";
			sourceTree = "<group>";
		};
/* End PBXGroup section */

/* Begin PBXNativeTarget section */
		90A276EC1EA5D04A00D83D13 /* Bai 3 */ = {
			isa = PBXNativeTarget;
			buildConfigurationList = 90A276F41EA5D04A00D83D13 /* Build configuration list for PBXNativeTarget "Bai 3" */;
			buildPhases = (
				90A276E91EA5D04A00D83D13 /* Sources */,
				90A276EA1EA5D04A00D83D13 /* Frameworks */,
				90A276EB1EA5D04A00D83D13 /* CopyFiles */,
			);
			buildRules = (
			);
			dependencies = (
			);
			name = "Bai 3";
			productName = "Bai 3";
			productReference = 90A276ED1EA5D04A00D83D13 /* Bai 3 */;
			productType = "com.apple.product-type.tool";
		};
/* End PBXNativeTarget section */

/* Begin PBXProject section */
		90A276E51EA5D04A00D83D13 /* Project object */ = {
			isa = PBXProject;
			attributes = {
				LastUpgradeCheck = 0820;
				ORGANIZATIONNAME = manhhung;
				TargetAttributes = {
					90A276EC1EA5D04A00D83D13 = {
						CreatedOnToolsVersion = 8.2.1;
						ProvisioningStyle = Automatic;
					};
				};
			};
			buildConfigurationList = 90A276E81EA5D04A00D83D13 /* Build configuration list for PBXProject "Bai 3" */;
			compatibilityVersion = "Xcode 3.2";
			developmentRegion = English;
			hasScannedForEncodings = 0;
			knownRegions = (
				en,
			);
			mainGroup = 90A276E41EA5D04A00D83D13;
			productRefGroup = 90A276EE1EA5D04A00D83D13 /* Products */;
			projectDirPath = "";
			projectRoot = "";
			targets = (
				90A276EC1EA5D04A00D83D13 /* Bai 3 */,
			);
		};
/* End PBXProject section */

/* Begin PBXSourcesBuildPhase section */
		90A276E91EA5D04A00D83D13 /* Sources */ = {
			isa = PBXSourcesBuildPhase;
			buildActionMask = 2147483647;
			files = (
				90170FB61EA5F1F5008C7D59 /* Triangle.m in Sources */,
				90A276F11EA5D04A00D83D13 /* main.m in Sources */,
				90170FB31EA5F1E7008C7D59 /* Circle.m in Sources */,
				90A276F91EA5D05700D83D13 /* GraphicObject.m in Sources */,
				90170FB01EA5F1BF008C7D59 /* Rectangle.m in Sources */,
			);
			runOnlyForDeploymentPostprocessing = 0;
		};
/* End PBXSourcesBuildPhase section */

/* Begin XCBuildConfiguration section */
		90A276F21EA5D04A00D83D13 /* Debug */ = {
			isa = XCBuildConfiguration;
			buildSettings = {
				ALWAYS_SEARCH_USER_PATHS = NO;
				CLANG_ANALYZER_NONNULL = YES;
				CLANG_CXX_LANGUAGE_STANDARD = "gnu++0x";
				CLANG_CXX_LIBRARY = "libc++";
				CLANG_ENABLE_MODULES = YES;
				CLANG_ENABLE_OBJC_ARC = YES;
				CLANG_WARN_BOOL_CONVERSION = YES;
				CLANG_WARN_CONSTANT_CONVERSION = YES;
				CLANG_WARN_DIRECT_OBJC_ISA_USAGE = YES_ERROR;
				CLANG_WARN_DOCUMENTATION_COMMENTS = YES;
				CLANG_WARN_EMPTY_BODY = YES;
				CLANG_WARN_ENUM_CONVERSION = YES;
				CLANG_WARN_INFINITE_RECURSION = YES;
				CLANG_WARN_INT_CONVERSION = YES;
				CLANG_WARN_OBJC_ROOT_CLASS = YES_ERROR;
				CLANG_WARN_SUSPICIOUS_MOVE = YES;
				CLANG_WARN_UNREACHABLE_CODE = YES;
				CLANG_WARN__DUPLICATE_METHOD_MATCH = YES;
				CODE_SIGN_IDENTITY = "-";
				COPY_PHASE_STRIP = NO;
				DEBUG_INFORMATION_FORMAT = dwarf;
				ENABLE_STRICT_OBJC_MSGSEND = YES;
				ENABLE_TESTABILITY = YES;
				GCC_C_LANGUAGE_STANDARD = gnu99;
				GCC_DYNAMIC_NO_PIC = NO;
				GCC_NO_COMMON_BLOCKS = YES;
				GCC_OPTIMIZATION_LEVEL = 0;
				GCC_PREPROCESSOR_DEFINITIONS = (
					"DEBUG=1",
					"$(inherited)",
				);
				GCC_WARN_64_TO_32_BIT_CONVERSION = YES;
				GCC_WARN_ABOUT_RETURN_TYPE = YES_ERROR;
				GCC_WARN_UNDECLARED_SELECTOR = YES;
				GCC_WARN_UNINITIALIZED_AUTOS = YES_AGGRESSIVE;
				GCC_WARN_UNUSED_FUNCTION = YES;
				GCC_WARN_UNUSED_VARIABLE = YES;
				MACOSX_DEPLOYMENT_TARGET = 10.11;
				MTL_ENABLE_DEBUG_INFO = YES;
				ONLY_ACTIVE_ARCH = YES;
				SDKROOT = macosx;
			};
			name = Debug;
		};
		90A276F31EA5D04A00D83D13 /* Release */ = {
			isa = XCBuildConfiguration;
			buildSettings = {
				ALWAYS_SEARCH_USER_PATHS = NO;
				CLANG_ANALYZER_NONNULL = YES;
				CLANG_CXX_LANGUAGE_STANDARD = "gnu++0x";
				CLANG_CXX_LIBRARY = "libc++";
				CLANG_ENABLE_MODULES = YES;
				CLANG_ENABLE_OBJC_ARC = YES;
				CLANG_WARN_BOOL_CONVERSION = YES;
				CLANG_WARN_CONSTANT_CONVERSION = YES;
				CLANG_WARN_DIRECT_OBJC_ISA_USAGE = YES_ERROR;
				CLANG_WARN_DOCUMENTATION_COMMENTS = YES;
				CLANG_WARN_EMPTY_BODY = YES;
				CLANG_WARN_ENUM_CONVERSION = YES;
				CLANG_WARN_INFINITE_RECURSION = YES;
				CLANG_WARN_INT_CONVERSION = YES;
				CLANG_WARN_OBJC_ROOT_CLASS = YES_ERROR;
				CLANG_WARN_SUSPICIOUS_MOVE = YES;
				CLANG_WARN_UNREACHABLE_CODE = YES;
				CLANG_WARN__DUPLICATE_METHOD_MATCH = YES;
				CODE_SIGN_IDENTITY = "-";
				COPY_PHASE_STRIP = NO;
				DEBUG_INFORMATION_FORMAT = "dwarf-with-dsym";
				ENABLE_NS_ASSERTIONS = NO;
				ENABLE_STRICT_OBJC_MSGSEND = YES;
				GCC_C_LANGUAGE_STANDARD = gnu99;
				GCC_NO_COMMON_BLOCKS = YES;
				GCC_WARN_64_TO_32_BIT_CONVERSION = YES;
				GCC_WARN_ABOUT_RETURN_TYPE = YES_ERROR;
				GCC_WARN_UNDECLARED_SELECTOR = YES;
				GCC_WARN_UNINITIALIZED_AUTOS = YES_AGGRESSIVE;
				GCC_WARN_UNUSED_FUNCTION = YES;
				GCC_WARN_UNUSED_VARIABLE = YES;
				MACOSX_DEPLOYMENT_TARGET = 10.11;
				MTL_ENABLE_DEBUG_INFO = NO;
				SDKROOT = macosx;
			};
			name = Release;
		};
		90A276F51EA5D04A00D83D13 /* Debug */ = {
			isa = XCBuildConfiguration;
			buildSettings = {
				PRODUCT_NAME = "$(TARGET_NAME)";
			};
			name = Debug;
		};
		90A276F61EA5D04A00D83D13 /* Release */ = {
			isa = XCBuildConfiguration;
			buildSettings = {
				PRODUCT_NAME = "$(TARGET_NAME)";
			};
			name = Release;
		};
/* End XCBuildConfiguration section */

/* Begin XCConfigurationList section */
		90A276E81EA5D04A00D83D13 /* Build configuration list for PBXProject "Bai 3" */ = {
			isa = XCConfigurationList;
			buildConfigurations = (
				90A276F21EA5D04A00D83D13 /* Debug */,
				90A276F31EA5D04A00D83D13 /* Release */,
			);
			defaultConfigurationIsVisible = 0;
			defaultConfigurationName = Release;
		};
		90A276F41EA5D04A00D83D13 /* Build configuration list for PBXNativeTarget "Bai 3" */ = {
			isa = XCConfigurationList;
			buildConfigurations = (
				90A276F51EA5D04A00D83D13 /* Debug */,
				90A276F61EA5D04A00D83D13 /* Release */,
			);
			defaultConfigurationIsVisible = 0;
			defaultConfigurationName = Release;
		};
/* End XCConfigurationList section */
	};
	rootObject = 90A276E51EA5D04A00D83D13 /* Project object */;
}
